
Microsoft Visual Studio Solution File, Format Version 12.00
# Visual Studio Version 17
VisualStudioVersion = 17.10.35027.167
MinimumVisualStudioVersion = 10.0.40219.1
Project("{FAE04EC0-301F-11D3-BF4B-00C04F79EFBC}") = "Double Linked List Test", "Double Linked List Test\Double Linked List Test.csproj", "{4DC3F331-CA3E-44F3-B6D5-B1574C77496E}"
EndProject
Global
	GlobalSection(SolutionConfigurationPlatforms) = preSolution
		Debug|Any CPU = Debug|Any CPU
		Release|Any CPU = Release|Any CPU
	EndGlobalSection
	GlobalSection(ProjectConfigurationPlatforms) = postSolution
		{4DC3F331-CA3E-44F3-B6D5-B1574C77496E}.Debug|Any CPU.ActiveCfg = Debug|Any CPU
		{4DC3F331-CA3E-44F3-B6D5-B1574C77496E}.Debug|Any CPU.Build.0 = Debug|Any CPU
		{4DC3F331-CA3E-44F3-B6D5-B1574C77496E}.Release|Any CPU.ActiveCfg = Release|Any CPU
		{4DC3F331-CA3E-44F3-B6D5-B1574C77496E}.Release|Any CPU.Build.0 = Release|Any CPU
	EndGlobalSection
	GlobalSection(SolutionProperties) = preSolution
		HideSolutionNode = FALSE
	EndGlobalSection
	GlobalSection(ExtensibilityGlobals) = postSolution
		SolutionGuid = {558E1377-3C22-427B-BC12-4F2BC73881DE}
	EndGlobalSection
EndGlobal
